
Microsoft Visual Studio Solution File, Format Version 11.00
# Visual Studio 2010
Project("{FAE04EC0-301F-11D3-BF4B-00C04F79EFBC}") = "FuzzyLogic", "ProjectFuzzyLogic\FuzzyLogic.csproj", "{95968EC0-60C0-4520-9F5F-D3B6C9E6DBFB}"
EndProject
Project("{FAE04EC0-301F-11D3-BF4B-00C04F79EFBC}") = "FuzzyLogic.Presentation.Console", "FuzzyLogic.Presentation.Console\FuzzyLogic.Presentation.Console.csproj", "{B67707CB-A408-44F4-90D1-9E26C1623BD2}"
EndProject
Global
	GlobalSection(SolutionConfigurationPlatforms) = preSolution
		Debug|Any CPU = Debug|Any CPU
		Debug|Mixed Platforms = Debug|Mixed Platforms
		Debug|x86 = Debug|x86
		Release|Any CPU = Release|Any CPU
		Release|Mixed Platforms = Release|Mixed Platforms
		Release|x86 = Release|x86
	EndGlobalSection
	GlobalSection(ProjectConfigurationPlatforms) = postSolution
		{95968EC0-60C0-4520-9F5F-D3B6C9E6DBFB}.Debug|Any CPU.ActiveCfg = Debug|Any CPU
		{95968EC0-60C0-4520-9F5F-D3B6C9E6DBFB}.Debug|Any CPU.Build.0 = Debug|Any CPU
		{95968EC0-60C0-4520-9F5F-D3B6C9E6DBFB}.Debug|Mixed Platforms.ActiveCfg = Debug|Any CPU
		{95968EC0-60C0-4520-9F5F-D3B6C9E6DBFB}.Debug|Mixed Platforms.Build.0 = Debug|Any CPU
		{95968EC0-60C0-4520-9F5F-D3B6C9E6DBFB}.Debug|x86.ActiveCfg = Debug|Any CPU
		{95968EC0-60C0-4520-9F5F-D3B6C9E6DBFB}.Release|Any CPU.ActiveCfg = Release|Any CPU
		{95968EC0-60C0-4520-9F5F-D3B6C9E6DBFB}.Release|Any CPU.Build.0 = Release|Any CPU
		{95968EC0-60C0-4520-9F5F-D3B6C9E6DBFB}.Release|Mixed Platforms.ActiveCfg = Release|Any CPU
		{95968EC0-60C0-4520-9F5F-D3B6C9E6DBFB}.Release|Mixed Platforms.Build.0 = Release|Any CPU
		{95968EC0-60C0-4520-9F5F-D3B6C9E6DBFB}.Release|x86.ActiveCfg = Release|Any CPU
		{B67707CB-A408-44F4-90D1-9E26C1623BD2}.Debug|Any CPU.ActiveCfg = Debug|x86
		{B67707CB-A408-44F4-90D1-9E26C1623BD2}.Debug|Mixed Platforms.ActiveCfg = Debug|x86
		{B67707CB-A408-44F4-90D1-9E26C1623BD2}.Debug|Mixed Platforms.Build.0 = Debug|x86
		{B67707CB-A408-44F4-90D1-9E26C1623BD2}.Debug|x86.ActiveCfg = Debug|x86
		{B67707CB-A408-44F4-90D1-9E26C1623BD2}.Debug|x86.Build.0 = Debug|x86
		{B67707CB-A408-44F4-90D1-9E26C1623BD2}.Release|Any CPU.ActiveCfg = Release|x86
		{B67707CB-A408-44F4-90D1-9E26C1623BD2}.Release|Mixed Platforms.ActiveCfg = Release|x86
		{B67707CB-A408-44F4-90D1-9E26C1623BD2}.Release|Mixed Platforms.Build.0 = Release|x86
		{B67707CB-A408-44F4-90D1-9E26C1623BD2}.Release|x86.ActiveCfg = Release|x86
		{B67707CB-A408-44F4-90D1-9E26C1623BD2}.Release|x86.Build.0 = Release|x86
	EndGlobalSection
	GlobalSection(SolutionProperties) = preSolution
		HideSolutionNode = FALSE
	EndGlobalSection
EndGlobal
