
Microsoft Visual Studio Solution File, Format Version 11.00
# Visual Studio 2010
Project("{FAE04EC0-301F-11D3-BF4B-00C04F79EFBC}") = "HeuristicaConstrutiva", "HeuristicaConstrutiva\HeuristicaConstrutiva.csproj", "{A3DBABC1-76EA-40C1-AA36-8788C468BFCA}"
EndProject
Project("{FAE04EC0-301F-11D3-BF4B-00C04F79EFBC}") = "ProblemaMochila", "ProblemaMochila\ProblemaMochila.csproj", "{ABB230D4-DBDB-4E19-B9AF-0CBE70BF7B1B}"
EndProject
Project("{FAE04EC0-301F-11D3-BF4B-00C04F79EFBC}") = "Heuristicas", "Heuristicas\Heuristicas.csproj", "{DCB7B51C-F8FE-4C24-9287-2CC91579940D}"
EndProject
Project("{FAE04EC0-301F-11D3-BF4B-00C04F79EFBC}") = "HeuristicaMelhoria", "HeuristicaMelhoria\HeuristicaMelhoria.csproj", "{0080804E-3A32-470A-808B-0B98F5966E1F}"
EndProject
Project("{FAE04EC0-301F-11D3-BF4B-00C04F79EFBC}") = "CaixeiroViajante", "CaixeiroViajante\CaixeiroViajante.csproj", "{1FEDFF24-6161-41D7-94B3-7B0EFF85C044}"
EndProject
Project("{FAE04EC0-301F-11D3-BF4B-00C04F79EFBC}") = "QuadroHorarios", "QuadroHorarios\QuadroHorarios.csproj", "{939949E7-5838-4A83-A284-6B1A9BD7F3A8}"
EndProject
Global
	GlobalSection(SolutionConfigurationPlatforms) = preSolution
		Debug|Any CPU = Debug|Any CPU
		Debug|Mixed Platforms = Debug|Mixed Platforms
		Debug|x86 = Debug|x86
		Release|Any CPU = Release|Any CPU
		Release|Mixed Platforms = Release|Mixed Platforms
		Release|x86 = Release|x86
	EndGlobalSection
	GlobalSection(ProjectConfigurationPlatforms) = postSolution
		{A3DBABC1-76EA-40C1-AA36-8788C468BFCA}.Debug|Any CPU.ActiveCfg = Debug|Any CPU
		{A3DBABC1-76EA-40C1-AA36-8788C468BFCA}.Debug|Any CPU.Build.0 = Debug|Any CPU
		{A3DBABC1-76EA-40C1-AA36-8788C468BFCA}.Debug|Mixed Platforms.ActiveCfg = Debug|Any CPU
		{A3DBABC1-76EA-40C1-AA36-8788C468BFCA}.Debug|Mixed Platforms.Build.0 = Debug|Any CPU
		{A3DBABC1-76EA-40C1-AA36-8788C468BFCA}.Debug|x86.ActiveCfg = Debug|Any CPU
		{A3DBABC1-76EA-40C1-AA36-8788C468BFCA}.Release|Any CPU.ActiveCfg = Release|Any CPU
		{A3DBABC1-76EA-40C1-AA36-8788C468BFCA}.Release|Any CPU.Build.0 = Release|Any CPU
		{A3DBABC1-76EA-40C1-AA36-8788C468BFCA}.Release|Mixed Platforms.ActiveCfg = Release|Any CPU
		{A3DBABC1-76EA-40C1-AA36-8788C468BFCA}.Release|Mixed Platforms.Build.0 = Release|Any CPU
		{A3DBABC1-76EA-40C1-AA36-8788C468BFCA}.Release|x86.ActiveCfg = Release|Any CPU
		{ABB230D4-DBDB-4E19-B9AF-0CBE70BF7B1B}.Debug|Any CPU.ActiveCfg = Debug|Any CPU
		{ABB230D4-DBDB-4E19-B9AF-0CBE70BF7B1B}.Debug|Any CPU.Build.0 = Debug|Any CPU
		{ABB230D4-DBDB-4E19-B9AF-0CBE70BF7B1B}.Debug|Mixed Platforms.ActiveCfg = Debug|Any CPU
		{ABB230D4-DBDB-4E19-B9AF-0CBE70BF7B1B}.Debug|Mixed Platforms.Build.0 = Debug|Any CPU
		{ABB230D4-DBDB-4E19-B9AF-0CBE70BF7B1B}.Debug|x86.ActiveCfg = Debug|Any CPU
		{ABB230D4-DBDB-4E19-B9AF-0CBE70BF7B1B}.Release|Any CPU.ActiveCfg = Release|Any CPU
		{ABB230D4-DBDB-4E19-B9AF-0CBE70BF7B1B}.Release|Any CPU.Build.0 = Release|Any CPU
		{ABB230D4-DBDB-4E19-B9AF-0CBE70BF7B1B}.Release|Mixed Platforms.ActiveCfg = Release|Any CPU
		{ABB230D4-DBDB-4E19-B9AF-0CBE70BF7B1B}.Release|Mixed Platforms.Build.0 = Release|Any CPU
		{ABB230D4-DBDB-4E19-B9AF-0CBE70BF7B1B}.Release|x86.ActiveCfg = Release|Any CPU
		{DCB7B51C-F8FE-4C24-9287-2CC91579940D}.Debug|Any CPU.ActiveCfg = Debug|x86
		{DCB7B51C-F8FE-4C24-9287-2CC91579940D}.Debug|Mixed Platforms.ActiveCfg = Debug|x86
		{DCB7B51C-F8FE-4C24-9287-2CC91579940D}.Debug|Mixed Platforms.Build.0 = Debug|x86
		{DCB7B51C-F8FE-4C24-9287-2CC91579940D}.Debug|x86.ActiveCfg = Debug|x86
		{DCB7B51C-F8FE-4C24-9287-2CC91579940D}.Debug|x86.Build.0 = Debug|x86
		{DCB7B51C-F8FE-4C24-9287-2CC91579940D}.Release|Any CPU.ActiveCfg = Release|x86
		{DCB7B51C-F8FE-4C24-9287-2CC91579940D}.Release|Mixed Platforms.ActiveCfg = Release|x86
		{DCB7B51C-F8FE-4C24-9287-2CC91579940D}.Release|Mixed Platforms.Build.0 = Release|x86
		{DCB7B51C-F8FE-4C24-9287-2CC91579940D}.Release|x86.ActiveCfg = Release|x86
		{DCB7B51C-F8FE-4C24-9287-2CC91579940D}.Release|x86.Build.0 = Release|x86
		{0080804E-3A32-470A-808B-0B98F5966E1F}.Debug|Any CPU.ActiveCfg = Debug|Any CPU
		{0080804E-3A32-470A-808B-0B98F5966E1F}.Debug|Any CPU.Build.0 = Debug|Any CPU
		{0080804E-3A32-470A-808B-0B98F5966E1F}.Debug|Mixed Platforms.ActiveCfg = Debug|Any CPU
		{0080804E-3A32-470A-808B-0B98F5966E1F}.Debug|Mixed Platforms.Build.0 = Debug|Any CPU
		{0080804E-3A32-470A-808B-0B98F5966E1F}.Debug|x86.ActiveCfg = Debug|Any CPU
		{0080804E-3A32-470A-808B-0B98F5966E1F}.Release|Any CPU.ActiveCfg = Release|Any CPU
		{0080804E-3A32-470A-808B-0B98F5966E1F}.Release|Any CPU.Build.0 = Release|Any CPU
		{0080804E-3A32-470A-808B-0B98F5966E1F}.Release|Mixed Platforms.ActiveCfg = Release|Any CPU
		{0080804E-3A32-470A-808B-0B98F5966E1F}.Release|Mixed Platforms.Build.0 = Release|Any CPU
		{0080804E-3A32-470A-808B-0B98F5966E1F}.Release|x86.ActiveCfg = Release|Any CPU
		{1FEDFF24-6161-41D7-94B3-7B0EFF85C044}.Debug|Any CPU.ActiveCfg = Debug|Any CPU
		{1FEDFF24-6161-41D7-94B3-7B0EFF85C044}.Debug|Any CPU.Build.0 = Debug|Any CPU
		{1FEDFF24-6161-41D7-94B3-7B0EFF85C044}.Debug|Mixed Platforms.ActiveCfg = Debug|Any CPU
		{1FEDFF24-6161-41D7-94B3-7B0EFF85C044}.Debug|Mixed Platforms.Build.0 = Debug|Any CPU
		{1FEDFF24-6161-41D7-94B3-7B0EFF85C044}.Debug|x86.ActiveCfg = Debug|Any CPU
		{1FEDFF24-6161-41D7-94B3-7B0EFF85C044}.Release|Any CPU.ActiveCfg = Release|Any CPU
		{1FEDFF24-6161-41D7-94B3-7B0EFF85C044}.Release|Any CPU.Build.0 = Release|Any CPU
		{1FEDFF24-6161-41D7-94B3-7B0EFF85C044}.Release|Mixed Platforms.ActiveCfg = Release|Any CPU
		{1FEDFF24-6161-41D7-94B3-7B0EFF85C044}.Release|Mixed Platforms.Build.0 = Release|Any CPU
		{1FEDFF24-6161-41D7-94B3-7B0EFF85C044}.Release|x86.ActiveCfg = Release|Any CPU
		{939949E7-5838-4A83-A284-6B1A9BD7F3A8}.Debug|Any CPU.ActiveCfg = Debug|Any CPU
		{939949E7-5838-4A83-A284-6B1A9BD7F3A8}.Debug|Any CPU.Build.0 = Debug|Any CPU
		{939949E7-5838-4A83-A284-6B1A9BD7F3A8}.Debug|Mixed Platforms.ActiveCfg = Debug|Any CPU
		{939949E7-5838-4A83-A284-6B1A9BD7F3A8}.Debug|Mixed Platforms.Build.0 = Debug|Any CPU
		{939949E7-5838-4A83-A284-6B1A9BD7F3A8}.Debug|x86.ActiveCfg = Debug|Any CPU
		{939949E7-5838-4A83-A284-6B1A9BD7F3A8}.Release|Any CPU.ActiveCfg = Release|Any CPU
		{939949E7-5838-4A83-A284-6B1A9BD7F3A8}.Release|Any CPU.Build.0 = Release|Any CPU
		{939949E7-5838-4A83-A284-6B1A9BD7F3A8}.Release|Mixed Platforms.ActiveCfg = Release|Any CPU
		{939949E7-5838-4A83-A284-6B1A9BD7F3A8}.Release|Mixed Platforms.Build.0 = Release|Any CPU
		{939949E7-5838-4A83-A284-6B1A9BD7F3A8}.Release|x86.ActiveCfg = Release|Any CPU
	EndGlobalSection
	GlobalSection(SolutionProperties) = preSolution
		HideSolutionNode = FALSE
	EndGlobalSection
EndGlobal
